
Microsoft Visual Studio Solution File, Format Version 12.00
# Visual Studio Version 16
VisualStudioVersion = 16.0.29215.179
MinimumVisualStudioVersion = 10.0.40219.1
Project("{FAE04EC0-301F-11D3-BF4B-00C04F79EFBC}") = "PracticeWithEFCore", "PracticeWithEFCore\PracticeWithEFCore.csproj", "{75E9BDFE-A8A2-4674-9610-9304D1778E90}"
EndProject
Global
	GlobalSection(SolutionConfigurationPlatforms) = preSolution
		Debug|Any CPU = Debug|Any CPU
		Release|Any CPU = Release|Any CPU
	EndGlobalSection
	GlobalSection(ProjectConfigurationPlatforms) = postSolution
		{75E9BDFE-A8A2-4674-9610-9304D1778E90}.Debug|Any CPU.ActiveCfg = Debug|Any CPU
		{75E9BDFE-A8A2-4674-9610-9304D1778E90}.Debug|Any CPU.Build.0 = Debug|Any CPU
		{75E9BDFE-A8A2-4674-9610-9304D1778E90}.Release|Any CPU.ActiveCfg = Release|Any CPU
		{75E9BDFE-A8A2-4674-9610-9304D1778E90}.Release|Any CPU.Build.0 = Release|Any CPU
	EndGlobalSection
	GlobalSection(SolutionProperties) = preSolution
		HideSolutionNode = FALSE
	EndGlobalSection
	GlobalSection(ExtensibilityGlobals) = postSolution
		SolutionGuid = {FFC16214-F22C-476B-82F1-D025E4FAFC30}
	EndGlobalSection
EndGlobal
