
Microsoft Visual Studio Solution File, Format Version 12.00
# Visual Studio Version 16
VisualStudioVersion = 16.0.29215.179
MinimumVisualStudioVersion = 10.0.40219.1
Project("{FAE04EC0-301F-11D3-BF4B-00C04F79EFBC}") = "PracticeWithDatabase", "PracticeWithDatabase\PracticeWithDatabase.csproj", "{CA92436A-738A-4D1D-BD04-2DE4F3A90704}"
EndProject
Global
	GlobalSection(SolutionConfigurationPlatforms) = preSolution
		Debug|Any CPU = Debug|Any CPU
		Release|Any CPU = Release|Any CPU
	EndGlobalSection
	GlobalSection(ProjectConfigurationPlatforms) = postSolution
		{CA92436A-738A-4D1D-BD04-2DE4F3A90704}.Debug|Any CPU.ActiveCfg = Debug|Any CPU
		{CA92436A-738A-4D1D-BD04-2DE4F3A90704}.Debug|Any CPU.Build.0 = Debug|Any CPU
		{CA92436A-738A-4D1D-BD04-2DE4F3A90704}.Release|Any CPU.ActiveCfg = Release|Any CPU
		{CA92436A-738A-4D1D-BD04-2DE4F3A90704}.Release|Any CPU.Build.0 = Release|Any CPU
	EndGlobalSection
	GlobalSection(SolutionProperties) = preSolution
		HideSolutionNode = FALSE
	EndGlobalSection
	GlobalSection(ExtensibilityGlobals) = postSolution
		SolutionGuid = {9BD2C870-6F2F-41AD-BB0E-96F065E98E35}
	EndGlobalSection
EndGlobal
